
Microsoft Visual Studio Solution File, Format Version 12.00
# Visual Studio Version 17
VisualStudioVersion = 17.3.32901.215
MinimumVisualStudioVersion = 10.0.40219.1
Project("{FAE04EC0-301F-11D3-BF4B-00C04F79EFBC}") = "uygulama5", "uygulama5\uygulama5.csproj", "{ADEBEB16-46B1-492F-A738-3351697442FB}"
EndProject
Global
	GlobalSection(SolutionConfigurationPlatforms) = preSolution
		Debug|Any CPU = Debug|Any CPU
		Release|Any CPU = Release|Any CPU
	EndGlobalSection
	GlobalSection(ProjectConfigurationPlatforms) = postSolution
		{ADEBEB16-46B1-492F-A738-3351697442FB}.Debug|Any CPU.ActiveCfg = Debug|Any CPU
		{ADEBEB16-46B1-492F-A738-3351697442FB}.Debug|Any CPU.Build.0 = Debug|Any CPU
		{ADEBEB16-46B1-492F-A738-3351697442FB}.Release|Any CPU.ActiveCfg = Release|Any CPU
		{ADEBEB16-46B1-492F-A738-3351697442FB}.Release|Any CPU.Build.0 = Release|Any CPU
	EndGlobalSection
	GlobalSection(SolutionProperties) = preSolution
		HideSolutionNode = FALSE
	EndGlobalSection
	GlobalSection(ExtensibilityGlobals) = postSolution
		SolutionGuid = {BDACE638-AE4C-4795-A901-8298368C8AF3}
	EndGlobalSection
EndGlobal
